{
  "lib/devtools": {
    "rev": "b150aaa536ed707a4720bf1057bb772562b18e2d"
  },
  "lib/enso-weiroll": {
    "rev": "900250114203727ff236d3f6313673c17c2d90dd"
  },
  "lib/forge-std": {
    "rev": "3b20d60d14b343ee4f908cb8079495c07f5e8981"
  },
  "lib/openzeppelin-contracts-upgradeable": {
    "rev": "3d5fa5c24c411112bab47bec25cfa9ad0af0e6e8"
  },
  "lib/wormhole-solidity-sdk": {
    "branch": {
      "name": "main",
      "rev": "baa085006586a43c42858d355e3ffb743b80d7a4"
    }
  }
}